<?xml version="1.0" encoding="UTF-8"?>
<Project ToolsVersion="4.0" xmlns="http://schemas.microsoft.com/developer/msbuild/2003">
  <ItemGroup>
    <CustomBuild Include="C:\Users\thomai\Documents\MATLAB\slamToolbox\EDLinesExtractor\bin\CMakeFiles\3fe660ce4f1c9433e2e07167a912fe05\generate.stamp.rule">
      <Filter>CMake Rules</Filter>
    </CustomBuild>
  </ItemGroup>
  <ItemGroup>
    <Filter Include="CMake Rules">
      <UniqueIdentifier>{1EF1F44B-8F4B-41F8-AA57-38B87A695C0E}</UniqueIdentifier>
    </Filter>
  </ItemGroup>
</Project>
