<?xml version="1.0" encoding="utf-8"?>
<Project ToolsVersion="4.0" xmlns="http://schemas.microsoft.com/developer/msbuild/2003">
  <ItemGroup>
    <Filter Include="Quelldateien">
      <UniqueIdentifier>{4FC737F1-C7A5-4376-A066-2A32D752A2FF}</UniqueIdentifier>
      <Extensions>cpp;c;cc;cxx;def;odl;idl;hpj;bat;asm;asmx</Extensions>
    </Filter>
    <Filter Include="Headerdateien">
      <UniqueIdentifier>{93995380-89BD-4b04-88EB-625FBE52EBFB}</UniqueIdentifier>
      <Extensions>h;hpp;hxx;hm;inl;inc;xsd</Extensions>
    </Filter>
    <Filter Include="Ressourcendateien">
      <UniqueIdentifier>{67DA6AB6-F800-4c08-8B7A-83BB121AAD01}</UniqueIdentifier>
      <Extensions>rc;ico;cur;bmp;dlg;rc2;rct;bin;rgs;gif;jpg;jpeg;jpe;resx;tiff;tif;png;wav;mfcribbon-ms</Extensions>
    </Filter>
    <Filter Include="Quelldateien\EDLineDetector">
      <UniqueIdentifier>{93bd9a4b-7963-44e0-bf10-2b3f4c0df185}</UniqueIdentifier>
    </Filter>
    <Filter Include="Quelldateien\EDLineDetector\RedSVD">
      <UniqueIdentifier>{55f3848d-4058-4ccc-9715-d277be0c6a73}</UniqueIdentifier>
    </Filter>
    <Filter Include="Quelldateien\EDLineDetector\LineMatchingChristopher">
      <UniqueIdentifier>{333161a3-ddb3-45c2-ac65-ca39f31157f3}</UniqueIdentifier>
    </Filter>
  </ItemGroup>
  <ItemGroup>
    <ClCompile Include="..\..\..\Points\fromFrame_c.cpp">
      <Filter>Quelldateien</Filter>
    </ClCompile>
    <ClCompile Include="..\..\..\Math\normvec_c.cpp">
      <Filter>Quelldateien</Filter>
    </ClCompile>
    <ClCompile Include="..\..\..\FrameTransforms\updateFrame_c.cpp">
      <Filter>Quelldateien</Filter>
    </ClCompile>
    <ClCompile Include="..\..\MatrixRoi.cpp">
      <Filter>Quelldateien</Filter>
    </ClCompile>
    <ClCompile Include="..\..\PassingStructureExample2.cpp">
      <Filter>Quelldateien</Filter>
    </ClCompile>
    <ClCompile Include="..\..\PassingStructuresExample.cpp">
      <Filter>Quelldateien</Filter>
    </ClCompile>
    <ClCompile Include="..\..\MatrixTranspose.cpp">
      <Filter>Quelldateien</Filter>
    </ClCompile>
    <ClCompile Include="..\..\MatrixMul.cpp">
      <Filter>Quelldateien</Filter>
    </ClCompile>
    <ClCompile Include="..\..\..\HighLevel\userDataLin.cpp">
      <Filter>Quelldateien</Filter>
    </ClCompile>
    <ClCompile Include="..\..\..\FrameTransforms\Rotations\v2q_c.cpp">
      <Filter>Quelldateien</Filter>
    </ClCompile>
    <ClCompile Include="..\..\..\EDLinesExtractor\EDLineDetector.cpp">
      <Filter>Quelldateien\EDLineDetector</Filter>
    </ClCompile>
    <ClCompile Include="..\..\..\EDLinesExtractor\LineDescriptor.cpp">
      <Filter>Quelldateien\EDLineDetector</Filter>
    </ClCompile>
    <ClCompile Include="..\..\..\EDLinesExtractor\PairwiseLineMatching.cpp">
      <Filter>Quelldateien\EDLineDetector</Filter>
    </ClCompile>
    <ClCompile Include="..\..\..\EDLinesExtractor\EDLinesExtractor.cpp">
      <Filter>Quelldateien\EDLineDetector</Filter>
    </ClCompile>
    <ClCompile Include="..\..\..\HighLevel\persistenceTest.cpp">
      <Filter>Quelldateien</Filter>
    </ClCompile>
    <ClCompile Include="..\..\..\EDLinesExtractor\EDLinesExtractor_Persistence.cpp">
      <Filter>Quelldateien\EDLineDetector</Filter>
    </ClCompile>
    <ClCompile Include="..\..\..\EDLinesExtractor\LineMatchingChristopher\LineFeature.cpp">
      <Filter>Quelldateien\EDLineDetector\LineMatchingChristopher</Filter>
    </ClCompile>
    <ClCompile Include="..\..\..\EDLinesExtractor\LineMatchingChristopher\Reader.cpp">
      <Filter>Quelldateien\EDLineDetector\LineMatchingChristopher</Filter>
    </ClCompile>
    <ClCompile Include="..\..\..\EDLinesExtractor\LineMatchingChristopher\VideoMatcher.cpp">
      <Filter>Quelldateien\EDLineDetector\LineMatchingChristopher</Filter>
    </ClCompile>
    <ClCompile Include="..\..\..\EDLinesExtractor\FindNLineFeatures.cpp">
      <Filter>Quelldateien\EDLineDetector</Filter>
    </ClCompile>
    <ClCompile Include="..\..\..\EDLinesExtractor\MatchLines.cpp">
      <Filter>Quelldateien\EDLineDetector</Filter>
    </ClCompile>
    <ClCompile Include="..\..\..\EDLinesExtractor\MatchLinesByDesc.cpp">
      <Filter>Quelldateien\EDLineDetector</Filter>
    </ClCompile>
  </ItemGroup>
  <ItemGroup>
    <ClInclude Include="..\..\DataTypeParsing.hpp">
      <Filter>Quelldateien</Filter>
    </ClInclude>
    <ClInclude Include="..\..\..\FrameTransforms\Rotations\q2R_c.hpp">
      <Filter>Quelldateien</Filter>
    </ClInclude>
    <ClInclude Include="..\..\..\FrameTransforms\Rotations\pi2pc_c.hpp">
      <Filter>Quelldateien</Filter>
    </ClInclude>
    <ClInclude Include="..\..\..\FrameTransforms\Rotations\q2pi_c.hpp">
      <Filter>Quelldateien</Filter>
    </ClInclude>
    <ClInclude Include="..\..\..\DataManagement\split_c.hpp">
      <Filter>Quelldateien</Filter>
    </ClInclude>
    <ClInclude Include="..\..\MatrixRoi.hpp">
      <Filter>Quelldateien</Filter>
    </ClInclude>
    <ClInclude Include="..\..\..\FrameTransforms\frame_c.hpp">
      <Filter>Quelldateien</Filter>
    </ClInclude>
    <ClInclude Include="..\..\PrintOpenCVStructures.hpp">
      <Filter>Quelldateien</Filter>
    </ClInclude>
    <ClInclude Include="..\..\..\FrameTransforms\Rotations\v2au.hpp">
      <Filter>Quelldateien</Filter>
    </ClInclude>
    <ClInclude Include="..\..\..\EDLinesExtractor\EDLineDetector.hpp">
      <Filter>Quelldateien\EDLineDetector</Filter>
    </ClInclude>
    <ClInclude Include="..\..\..\EDLinesExtractor\LineDescriptor.hpp">
      <Filter>Quelldateien\EDLineDetector</Filter>
    </ClInclude>
    <ClInclude Include="..\..\..\EDLinesExtractor\LineStructure.hpp">
      <Filter>Quelldateien\EDLineDetector</Filter>
    </ClInclude>
    <ClInclude Include="..\..\..\EDLinesExtractor\PairwiseLineMatching.hpp">
      <Filter>Quelldateien\EDLineDetector</Filter>
    </ClInclude>
    <ClInclude Include="..\..\..\EDLinesExtractor\redsvd\RedSVD.h">
      <Filter>Quelldateien\EDLineDetector\RedSVD</Filter>
    </ClInclude>
    <ClInclude Include="..\..\..\EDLinesExtractor\LineMatchingChristopher\LineFeature.h">
      <Filter>Quelldateien\EDLineDetector\LineMatchingChristopher</Filter>
    </ClInclude>
    <ClInclude Include="..\..\..\EDLinesExtractor\LineMatchingChristopher\Reader.h">
      <Filter>Quelldateien\EDLineDetector\LineMatchingChristopher</Filter>
    </ClInclude>
    <ClInclude Include="..\..\..\EDLinesExtractor\LineMatchingChristopher\Split.h">
      <Filter>Quelldateien\EDLineDetector\LineMatchingChristopher</Filter>
    </ClInclude>
    <ClInclude Include="..\..\..\EDLinesExtractor\LineMatchingChristopher\VideoMatcher.h">
      <Filter>Quelldateien\EDLineDetector\LineMatchingChristopher</Filter>
    </ClInclude>
  </ItemGroup>
</Project>